// !$*UTF8*$!
{
	archiveVersion = 1;
	classes = {
	};
	objectVersion = 55;
	objects = {

/* Begin PBXBuildFile section */
		3526598E26BFEFBF001D5029 /* VirtualMachineController.swift in Sources */ = {isa = PBXBuildFile; fileRef = 3526598D26BFEFBF001D5029 /* VirtualMachineController.swift */; };
		3526599026BFF2E2001D5029 /* MicroverseErrors.swift in Sources */ = {isa = PBXBuildFile; fileRef = 3526598F26BFF2E2001D5029 /* MicroverseErrors.swift */; };
		352AF07626BAFDD700AFD751 /* PathField.swift in Sources */ = {isa = PBXBuildFile; fileRef = 352AF07526BAFDD700AFD751 /* PathField.swift */; };
		352AF07A26BB026900AFD751 /* MacRestoreImageView.swift in Sources */ = {isa = PBXBuildFile; fileRef = 352AF07926BB026900AFD751 /* MacRestoreImageView.swift */; };
		357457C426C044E700BFA2D7 /* KeyedCodingExtensions.swift in Sources */ = {isa = PBXBuildFile; fileRef = 357457C326C044E700BFA2D7 /* KeyedCodingExtensions.swift */; };
		357B42C126C2F9D2007E0036 /* CGRPCZlib in Frameworks */ = {isa = PBXBuildFile; productRef = 357B42C026C2F9D2007E0036 /* CGRPCZlib */; };
		357B42C326C2F9D2007E0036 /* GRPC in Frameworks */ = {isa = PBXBuildFile; productRef = 357B42C226C2F9D2007E0036 /* GRPC */; };
		357B42CB26C2FA3D007E0036 /* main.swift in Sources */ = {isa = PBXBuildFile; fileRef = 357B42CA26C2FA3D007E0036 /* main.swift */; };
		359B9B0626B8AAC100AA3989 /* MicroverseDocument.swift in Sources */ = {isa = PBXBuildFile; fileRef = 359B9B0526B8AAC100AA3989 /* MicroverseDocument.swift */; };
		35C1E9EE26BF11E1005F47D0 /* AttachedDiskImage.swift in Sources */ = {isa = PBXBuildFile; fileRef = 35C1E9ED26BF11E1005F47D0 /* AttachedDiskImage.swift */; };
		35CF8D6126B8300F00E83536 /* MicroverseApp.swift in Sources */ = {isa = PBXBuildFile; fileRef = 35CF8D6026B8300F00E83536 /* MicroverseApp.swift */; };
		35CF8D6526B8300F00E83536 /* DocumentView.swift in Sources */ = {isa = PBXBuildFile; fileRef = 35CF8D6426B8300F00E83536 /* DocumentView.swift */; };
		35CF8D6726B8301000E83536 /* Assets.xcassets in Resources */ = {isa = PBXBuildFile; fileRef = 35CF8D6626B8301000E83536 /* Assets.xcassets */; };
		35CF8D6A26B8301000E83536 /* Preview Assets.xcassets in Resources */ = {isa = PBXBuildFile; fileRef = 35CF8D6926B8301000E83536 /* Preview Assets.xcassets */; };
		35CF8D7626B836A900E83536 /* VirtualMachine.swift in Sources */ = {isa = PBXBuildFile; fileRef = 35CF8D7526B836A900E83536 /* VirtualMachine.swift */; };
		35CF8D7A26B8421B00E83536 /* VirtualMachineView.swift in Sources */ = {isa = PBXBuildFile; fileRef = 35CF8D7926B8421B00E83536 /* VirtualMachineView.swift */; };
		35CF8D7C26B8431300E83536 /* VirtualMachineConfigurationView.swift in Sources */ = {isa = PBXBuildFile; fileRef = 35CF8D7B26B8431300E83536 /* VirtualMachineConfigurationView.swift */; };
		35CF8D7E26B855E200E83536 /* VirtualMachineConfiguration.swift in Sources */ = {isa = PBXBuildFile; fileRef = 35CF8D7D26B855E200E83536 /* VirtualMachineConfiguration.swift */; };
		35CF8D8026B8704200E83536 /* DiskCreationView.swift in Sources */ = {isa = PBXBuildFile; fileRef = 35CF8D7F26B8704200E83536 /* DiskCreationView.swift */; };
		35CF8D8726B8837500E83536 /* AttachedDisksView.swift in Sources */ = {isa = PBXBuildFile; fileRef = 35CF8D8626B8837500E83536 /* AttachedDisksView.swift */; };
		35CF8D8E26B89E9B00E83536 /* NSWindowExtensions.swift in Sources */ = {isa = PBXBuildFile; fileRef = 35CF8D8D26B89E9B00E83536 /* NSWindowExtensions.swift */; };
		35FE87D826BEBD62009B9B51 /* MacOSDocumentView.swift in Sources */ = {isa = PBXBuildFile; fileRef = 35FE87D726BEBD62009B9B51 /* MacOSDocumentView.swift */; };
		35FE87DC26BEC049009B9B51 /* MacOSVirtualMachine.swift in Sources */ = {isa = PBXBuildFile; fileRef = 35FE87DB26BEC049009B9B51 /* MacOSVirtualMachine.swift */; };
		35FE87DE26BEC05C009B9B51 /* ConfigurableVirtualMachine.swift in Sources */ = {isa = PBXBuildFile; fileRef = 35FE87DD26BEC05C009B9B51 /* ConfigurableVirtualMachine.swift */; };
		35FE87E026BECD2E009B9B51 /* MacOSInstallView.swift in Sources */ = {isa = PBXBuildFile; fileRef = 35FE87DF26BECD2E009B9B51 /* MacOSInstallView.swift */; };
		35FE87E226BEE980009B9B51 /* MacAuxiliaryStorageView.swift in Sources */ = {isa = PBXBuildFile; fileRef = 35FE87E126BEE980009B9B51 /* MacAuxiliaryStorageView.swift */; };
		5222D10726C2FE5700E6BB28 /* guest_os_service.pb.swift in Sources */ = {isa = PBXBuildFile; fileRef = 5222D10626C2FE5700E6BB28 /* guest_os_service.pb.swift */; };
		5222D10826C2FE5700E6BB28 /* guest_os_service.pb.swift in Sources */ = {isa = PBXBuildFile; fileRef = 5222D10626C2FE5700E6BB28 /* guest_os_service.pb.swift */; };
		5222D10A26C2FF3000E6BB28 /* guest_os_service.grpc.swift in Sources */ = {isa = PBXBuildFile; fileRef = 5222D10926C2FF3000E6BB28 /* guest_os_service.grpc.swift */; };
		5222D10B26C2FF3000E6BB28 /* guest_os_service.grpc.swift in Sources */ = {isa = PBXBuildFile; fileRef = 5222D10926C2FF3000E6BB28 /* guest_os_service.grpc.swift */; };
		5222D10D26C3006600E6BB28 /* GuestOSServiceProvider.swift in Sources */ = {isa = PBXBuildFile; fileRef = 5222D10C26C3006600E6BB28 /* GuestOSServiceProvider.swift */; };
		5222D11326C301A700E6BB28 /* GRPC in Frameworks */ = {isa = PBXBuildFile; productRef = 5222D11226C301A700E6BB28 /* GRPC */; };
/* End PBXBuildFile section */

/* Begin PBXCopyFilesBuildPhase section */
		357B42C626C2FA3C007E0036 /* CopyFiles */ = {
			isa = PBXCopyFilesBuildPhase;
			buildActionMask = 2147483647;
			dstPath = /usr/share/man/man1/;
			dstSubfolderSpec = 0;
			files = (
			);
			runOnlyForDeploymentPostprocessing = 1;
		};
/* End PBXCopyFilesBuildPhase section */

/* Begin PBXFileReference section */
		3526598D26BFEFBF001D5029 /* VirtualMachineController.swift */ = {isa = PBXFileReference; lastKnownFileType = sourcecode.swift; path = VirtualMachineController.swift; sourceTree = "<group>"; };
		3526598F26BFF2E2001D5029 /* MicroverseErrors.swift */ = {isa = PBXFileReference; lastKnownFileType = sourcecode.swift; path = MicroverseErrors.swift; sourceTree = "<group>"; };
		352AF07526BAFDD700AFD751 /* PathField.swift */ = {isa = PBXFileReference; lastKnownFileType = sourcecode.swift; path = PathField.swift; sourceTree = "<group>"; };
		352AF07926BB026900AFD751 /* MacRestoreImageView.swift */ = {isa = PBXFileReference; lastKnownFileType = sourcecode.swift; path = MacRestoreImageView.swift; sourceTree = "<group>"; };
		357457C326C044E700BFA2D7 /* KeyedCodingExtensions.swift */ = {isa = PBXFileReference; lastKnownFileType = sourcecode.swift; path = KeyedCodingExtensions.swift; sourceTree = "<group>"; };
		357B42C826C2FA3C007E0036 /* MicroverseGuestOSService */ = {isa = PBXFileReference; explicitFileType = "compiled.mach-o.executable"; includeInIndex = 0; path = MicroverseGuestOSService; sourceTree = BUILT_PRODUCTS_DIR; };
		357B42CA26C2FA3D007E0036 /* main.swift */ = {isa = PBXFileReference; lastKnownFileType = sourcecode.swift; path = main.swift; sourceTree = "<group>"; };
		3589944626C304B500EE0E66 /* com.metacognitive.Microverse.GuestOSService.plist */ = {isa = PBXFileReference; lastKnownFileType = text.plist.xml; path = com.metacognitive.Microverse.GuestOSService.plist; sourceTree = "<group>"; };
		359B9B0526B8AAC100AA3989 /* MicroverseDocument.swift */ = {isa = PBXFileReference; fileEncoding = 4; lastKnownFileType = sourcecode.swift; path = MicroverseDocument.swift; sourceTree = "<group>"; };
		35C1E9ED26BF11E1005F47D0 /* AttachedDiskImage.swift */ = {isa = PBXFileReference; lastKnownFileType = sourcecode.swift; path = AttachedDiskImage.swift; sourceTree = "<group>"; };
		35CF8D5D26B8300F00E83536 /* Microverse.app */ = {isa = PBXFileReference; explicitFileType = wrapper.application; includeInIndex = 0; path = Microverse.app; sourceTree = BUILT_PRODUCTS_DIR; };
		35CF8D6026B8300F00E83536 /* MicroverseApp.swift */ = {isa = PBXFileReference; lastKnownFileType = sourcecode.swift; path = MicroverseApp.swift; sourceTree = "<group>"; };
		35CF8D6426B8300F00E83536 /* DocumentView.swift */ = {isa = PBXFileReference; lastKnownFileType = sourcecode.swift; path = DocumentView.swift; sourceTree = "<group>"; };
		35CF8D6626B8301000E83536 /* Assets.xcassets */ = {isa = PBXFileReference; lastKnownFileType = folder.assetcatalog; path = Assets.xcassets; sourceTree = "<group>"; };
		35CF8D6926B8301000E83536 /* Preview Assets.xcassets */ = {isa = PBXFileReference; lastKnownFileType = folder.assetcatalog; path = "Preview Assets.xcassets"; sourceTree = "<group>"; };
		35CF8D6B26B8301000E83536 /* Info.plist */ = {isa = PBXFileReference; lastKnownFileType = text.plist.xml; path = Info.plist; sourceTree = "<group>"; };
		35CF8D7526B836A900E83536 /* VirtualMachine.swift */ = {isa = PBXFileReference; lastKnownFileType = sourcecode.swift; path = VirtualMachine.swift; sourceTree = "<group>"; };
		35CF8D7926B8421B00E83536 /* VirtualMachineView.swift */ = {isa = PBXFileReference; lastKnownFileType = sourcecode.swift; path = VirtualMachineView.swift; sourceTree = "<group>"; };
		35CF8D7B26B8431300E83536 /* VirtualMachineConfigurationView.swift */ = {isa = PBXFileReference; lastKnownFileType = sourcecode.swift; path = VirtualMachineConfigurationView.swift; sourceTree = "<group>"; };
		35CF8D7D26B855E200E83536 /* VirtualMachineConfiguration.swift */ = {isa = PBXFileReference; lastKnownFileType = sourcecode.swift; path = VirtualMachineConfiguration.swift; sourceTree = "<group>"; };
		35CF8D7F26B8704200E83536 /* DiskCreationView.swift */ = {isa = PBXFileReference; lastKnownFileType = sourcecode.swift; path = DiskCreationView.swift; sourceTree = "<group>"; };
		35CF8D8326B8829500E83536 /* Microverse.entitlements */ = {isa = PBXFileReference; lastKnownFileType = text.plist.entitlements; path = Microverse.entitlements; sourceTree = "<group>"; };
		35CF8D8626B8837500E83536 /* AttachedDisksView.swift */ = {isa = PBXFileReference; lastKnownFileType = sourcecode.swift; path = AttachedDisksView.swift; sourceTree = "<group>"; };
		35CF8D8D26B89E9B00E83536 /* NSWindowExtensions.swift */ = {isa = PBXFileReference; lastKnownFileType = sourcecode.swift; path = NSWindowExtensions.swift; sourceTree = "<group>"; };
		35FE87D726BEBD62009B9B51 /* MacOSDocumentView.swift */ = {isa = PBXFileReference; lastKnownFileType = sourcecode.swift; path = MacOSDocumentView.swift; sourceTree = "<group>"; };
		35FE87DB26BEC049009B9B51 /* MacOSVirtualMachine.swift */ = {isa = PBXFileReference; lastKnownFileType = sourcecode.swift; path = MacOSVirtualMachine.swift; sourceTree = "<group>"; };
		35FE87DD26BEC05C009B9B51 /* ConfigurableVirtualMachine.swift */ = {isa = PBXFileReference; lastKnownFileType = sourcecode.swift; path = ConfigurableVirtualMachine.swift; sourceTree = "<group>"; };
		35FE87DF26BECD2E009B9B51 /* MacOSInstallView.swift */ = {isa = PBXFileReference; lastKnownFileType = sourcecode.swift; path = MacOSInstallView.swift; sourceTree = "<group>"; };
		35FE87E126BEE980009B9B51 /* MacAuxiliaryStorageView.swift */ = {isa = PBXFileReference; lastKnownFileType = sourcecode.swift; path = MacAuxiliaryStorageView.swift; sourceTree = "<group>"; };
		5222D10526C2FC7300E6BB28 /* guest_os_service.proto */ = {isa = PBXFileReference; lastKnownFileType = sourcecode.protobuf; path = guest_os_service.proto; sourceTree = "<group>"; };
		5222D10626C2FE5700E6BB28 /* guest_os_service.pb.swift */ = {isa = PBXFileReference; fileEncoding = 4; lastKnownFileType = sourcecode.swift; path = guest_os_service.pb.swift; sourceTree = "<group>"; };
		5222D10926C2FF3000E6BB28 /* guest_os_service.grpc.swift */ = {isa = PBXFileReference; fileEncoding = 4; lastKnownFileType = sourcecode.swift; path = guest_os_service.grpc.swift; sourceTree = "<group>"; };
		5222D10C26C3006600E6BB28 /* GuestOSServiceProvider.swift */ = {isa = PBXFileReference; lastKnownFileType = sourcecode.swift; path = GuestOSServiceProvider.swift; sourceTree = "<group>"; };
/* End PBXFileReference section */

/* Begin PBXFrameworksBuildPhase section */
		357B42C526C2FA3C007E0036 /* Frameworks */ = {
			isa = PBXFrameworksBuildPhase;
			buildActionMask = 2147483647;
			files = (
				5222D11326C301A700E6BB28 /* GRPC in Frameworks */,
			);
			runOnlyForDeploymentPostprocessing = 0;
		};
		35CF8D5A26B8300F00E83536 /* Frameworks */ = {
			isa = PBXFrameworksBuildPhase;
			buildActionMask = 2147483647;
			files = (
				357B42C326C2F9D2007E0036 /* GRPC in Frameworks */,
				357B42C126C2F9D2007E0036 /* CGRPCZlib in Frameworks */,
			);
			runOnlyForDeploymentPostprocessing = 0;
		};
/* End PBXFrameworksBuildPhase section */

/* Begin PBXGroup section */
		352AF07026BAFCCE00AFD751 /* View */ = {
			isa = PBXGroup;
			children = (
				35CF8D8626B8837500E83536 /* AttachedDisksView.swift */,
				35CF8D7F26B8704200E83536 /* DiskCreationView.swift */,
				35CF8D6426B8300F00E83536 /* DocumentView.swift */,
				35FE87E126BEE980009B9B51 /* MacAuxiliaryStorageView.swift */,
				35FE87D726BEBD62009B9B51 /* MacOSDocumentView.swift */,
				35FE87DF26BECD2E009B9B51 /* MacOSInstallView.swift */,
				352AF07926BB026900AFD751 /* MacRestoreImageView.swift */,
				352AF07526BAFDD700AFD751 /* PathField.swift */,
				35CF8D7B26B8431300E83536 /* VirtualMachineConfigurationView.swift */,
				35CF8D7926B8421B00E83536 /* VirtualMachineView.swift */,
			);
			path = View;
			sourceTree = "<group>";
		};
		352AF07126BAFCE500AFD751 /* Extensions */ = {
			isa = PBXGroup;
			children = (
				357457C326C044E700BFA2D7 /* KeyedCodingExtensions.swift */,
				35CF8D8D26B89E9B00E83536 /* NSWindowExtensions.swift */,
			);
			path = Extensions;
			sourceTree = "<group>";
		};
		352AF07226BAFCEB00AFD751 /* Application */ = {
			isa = PBXGroup;
			children = (
				35CF8D6626B8301000E83536 /* Assets.xcassets */,
				35CF8D6B26B8301000E83536 /* Info.plist */,
				35CF8D8326B8829500E83536 /* Microverse.entitlements */,
				35CF8D6026B8300F00E83536 /* MicroverseApp.swift */,
				359B9B0526B8AAC100AA3989 /* MicroverseDocument.swift */,
				35CF8D6826B8301000E83536 /* Preview Content */,
			);
			path = Application;
			sourceTree = "<group>";
		};
		352AF07426BAFCFE00AFD751 /* Model */ = {
			isa = PBXGroup;
			children = (
				35C1E9ED26BF11E1005F47D0 /* AttachedDiskImage.swift */,
				35FE87DD26BEC05C009B9B51 /* ConfigurableVirtualMachine.swift */,
				35FE87DB26BEC049009B9B51 /* MacOSVirtualMachine.swift */,
				3526598F26BFF2E2001D5029 /* MicroverseErrors.swift */,
				35CF8D7526B836A900E83536 /* VirtualMachine.swift */,
				35CF8D7D26B855E200E83536 /* VirtualMachineConfiguration.swift */,
				3526598D26BFEFBF001D5029 /* VirtualMachineController.swift */,
			);
			path = Model;
			sourceTree = "<group>";
		};
		357B42C926C2FA3D007E0036 /* MicroverseGuestOSService */ = {
			isa = PBXGroup;
			children = (
				5222D10C26C3006600E6BB28 /* GuestOSServiceProvider.swift */,
				357B42CA26C2FA3D007E0036 /* main.swift */,
				3589944626C304B500EE0E66 /* com.metacognitive.Microverse.GuestOSService.plist */,
			);
			path = MicroverseGuestOSService;
			sourceTree = "<group>";
		};
		35CF8D5426B8300F00E83536 = {
			isa = PBXGroup;
			children = (
				35CF8D5F26B8300F00E83536 /* Microverse */,
				357B42C926C2FA3D007E0036 /* MicroverseGuestOSService */,
				5222D10426C2FC3C00E6BB28 /* Protocol Buffers */,
				5222D11126C301A700E6BB28 /* Frameworks */,
				35CF8D5E26B8300F00E83536 /* Products */,
			);
			sourceTree = "<group>";
		};
		35CF8D5E26B8300F00E83536 /* Products */ = {
			isa = PBXGroup;
			children = (
				35CF8D5D26B8300F00E83536 /* Microverse.app */,
				357B42C826C2FA3C007E0036 /* MicroverseGuestOSService */,
			);
			name = Products;
			sourceTree = "<group>";
		};
		35CF8D5F26B8300F00E83536 /* Microverse */ = {
			isa = PBXGroup;
			children = (
				352AF07226BAFCEB00AFD751 /* Application */,
				352AF07126BAFCE500AFD751 /* Extensions */,
				352AF07426BAFCFE00AFD751 /* Model */,
				352AF07026BAFCCE00AFD751 /* View */,
			);
			path = Microverse;
			sourceTree = "<group>";
		};
		35CF8D6826B8301000E83536 /* Preview Content */ = {
			isa = PBXGroup;
			children = (
				35CF8D6926B8301000E83536 /* Preview Assets.xcassets */,
			);
			path = "Preview Content";
			sourceTree = "<group>";
		};
		5222D10426C2FC3C00E6BB28 /* Protocol Buffers */ = {
			isa = PBXGroup;
			children = (
				5222D10926C2FF3000E6BB28 /* guest_os_service.grpc.swift */,
				5222D10626C2FE5700E6BB28 /* guest_os_service.pb.swift */,
				5222D10526C2FC7300E6BB28 /* guest_os_service.proto */,
			);
			path = "Protocol Buffers";
			sourceTree = "<group>";
		};
		5222D11126C301A700E6BB28 /* Frameworks */ = {
			isa = PBXGroup;
			children = (
			);
			name = Frameworks;
			sourceTree = "<group>";
		};
/* End PBXGroup section */

/* Begin PBXNativeTarget section */
		357B42C726C2FA3C007E0036 /* MicroverseGuestOSService */ = {
			isa = PBXNativeTarget;
			buildConfigurationList = 357B42CC26C2FA3D007E0036 /* Build configuration list for PBXNativeTarget "MicroverseGuestOSService" */;
			buildPhases = (
				357B42C426C2FA3C007E0036 /* Sources */,
				357B42C526C2FA3C007E0036 /* Frameworks */,
				357B42C626C2FA3C007E0036 /* CopyFiles */,
			);
			buildRules = (
			);
			dependencies = (
			);
			name = MicroverseGuestOSService;
			packageProductDependencies = (
				5222D11226C301A700E6BB28 /* GRPC */,
			);
			productName = MicroverseGuestOSService;
			productReference = 357B42C826C2FA3C007E0036 /* MicroverseGuestOSService */;
			productType = "com.apple.product-type.tool";
		};
		35CF8D5C26B8300F00E83536 /* Microverse */ = {
			isa = PBXNativeTarget;
			buildConfigurationList = 35CF8D6E26B8301000E83536 /* Build configuration list for PBXNativeTarget "Microverse" */;
			buildPhases = (
				35CF8D5926B8300F00E83536 /* Sources */,
				35CF8D5A26B8300F00E83536 /* Frameworks */,
				35CF8D5B26B8300F00E83536 /* Resources */,
			);
			buildRules = (
			);
			dependencies = (
			);
			name = Microverse;
			packageProductDependencies = (
				357B42C026C2F9D2007E0036 /* CGRPCZlib */,
				357B42C226C2F9D2007E0036 /* GRPC */,
			);
			productName = Microverse;
			productReference = 35CF8D5D26B8300F00E83536 /* Microverse.app */;
			productType = "com.apple.product-type.application";
		};
/* End PBXNativeTarget section */

/* Begin PBXProject section */
		35CF8D5526B8300F00E83536 /* Project object */ = {
			isa = PBXProject;
			attributes = {
				BuildIndependentTargetsInParallel = 1;
				LastSwiftUpdateCheck = 1300;
				LastUpgradeCheck = 1300;
				TargetAttributes = {
					357B42C726C2FA3C007E0036 = {
						CreatedOnToolsVersion = 13.0;
					};
					35CF8D5C26B8300F00E83536 = {
						CreatedOnToolsVersion = 13.0;
					};
				};
			};
			buildConfigurationList = 35CF8D5826B8300F00E83536 /* Build configuration list for PBXProject "Microverse" */;
			compatibilityVersion = "Xcode 13.0";
			developmentRegion = en;
			hasScannedForEncodings = 0;
			knownRegions = (
				en,
				Base,
			);
			mainGroup = 35CF8D5426B8300F00E83536;
			packageReferences = (
				357B42BF26C2F9D2007E0036 /* XCRemoteSwiftPackageReference "grpc-swift" */,
			);
			productRefGroup = 35CF8D5E26B8300F00E83536 /* Products */;
			projectDirPath = "";
			projectRoot = "";
			targets = (
				35CF8D5C26B8300F00E83536 /* Microverse */,
				357B42C726C2FA3C007E0036 /* MicroverseGuestOSService */,
			);
		};
/* End PBXProject section */

/* Begin PBXResourcesBuildPhase section */
		35CF8D5B26B8300F00E83536 /* Resources */ = {
			isa = PBXResourcesBuildPhase;
			buildActionMask = 2147483647;
			files = (
				35CF8D6A26B8301000E83536 /* Preview Assets.xcassets in Resources */,
				35CF8D6726B8301000E83536 /* Assets.xcassets in Resources */,
			);
			runOnlyForDeploymentPostprocessing = 0;
		};
/* End PBXResourcesBuildPhase section */

/* Begin PBXSourcesBuildPhase section */
		357B42C426C2FA3C007E0036 /* Sources */ = {
			isa = PBXSourcesBuildPhase;
			buildActionMask = 2147483647;
			files = (
				357B42CB26C2FA3D007E0036 /* main.swift in Sources */,
				5222D10D26C3006600E6BB28 /* GuestOSServiceProvider.swift in Sources */,
				5222D10B26C2FF3000E6BB28 /* guest_os_service.grpc.swift in Sources */,
				5222D10826C2FE5700E6BB28 /* guest_os_service.pb.swift in Sources */,
			);
			runOnlyForDeploymentPostprocessing = 0;
		};
		35CF8D5926B8300F00E83536 /* Sources */ = {
			isa = PBXSourcesBuildPhase;
			buildActionMask = 2147483647;
			files = (
				35CF8D7626B836A900E83536 /* VirtualMachine.swift in Sources */,
				35CF8D7C26B8431300E83536 /* VirtualMachineConfigurationView.swift in Sources */,
				357457C426C044E700BFA2D7 /* KeyedCodingExtensions.swift in Sources */,
				359B9B0626B8AAC100AA3989 /* MicroverseDocument.swift in Sources */,
				35CF8D6126B8300F00E83536 /* MicroverseApp.swift in Sources */,
				35CF8D8E26B89E9B00E83536 /* NSWindowExtensions.swift in Sources */,
				35FE87D826BEBD62009B9B51 /* MacOSDocumentView.swift in Sources */,
				35FE87DE26BEC05C009B9B51 /* ConfigurableVirtualMachine.swift in Sources */,
				35FE87E226BEE980009B9B51 /* MacAuxiliaryStorageView.swift in Sources */,
				35CF8D7A26B8421B00E83536 /* VirtualMachineView.swift in Sources */,
				35FE87E026BECD2E009B9B51 /* MacOSInstallView.swift in Sources */,
				35CF8D8026B8704200E83536 /* DiskCreationView.swift in Sources */,
				35CF8D8726B8837500E83536 /* AttachedDisksView.swift in Sources */,
				35C1E9EE26BF11E1005F47D0 /* AttachedDiskImage.swift in Sources */,
				3526599026BFF2E2001D5029 /* MicroverseErrors.swift in Sources */,
				5222D10726C2FE5700E6BB28 /* guest_os_service.pb.swift in Sources */,
				35CF8D7E26B855E200E83536 /* VirtualMachineConfiguration.swift in Sources */,
				3526598E26BFEFBF001D5029 /* VirtualMachineController.swift in Sources */,
				35FE87DC26BEC049009B9B51 /* MacOSVirtualMachine.swift in Sources */,
				352AF07A26BB026900AFD751 /* MacRestoreImageView.swift in Sources */,
				5222D10A26C2FF3000E6BB28 /* guest_os_service.grpc.swift in Sources */,
				352AF07626BAFDD700AFD751 /* PathField.swift in Sources */,
				35CF8D6526B8300F00E83536 /* DocumentView.swift in Sources */,
			);
			runOnlyForDeploymentPostprocessing = 0;
		};
/* End PBXSourcesBuildPhase section */

/* Begin XCBuildConfiguration section */
		357B42CD26C2FA3D007E0036 /* Debug */ = {
			isa = XCBuildConfiguration;
			buildSettings = {
				CODE_SIGN_STYLE = Automatic;
				PRODUCT_BUNDLE_IDENTIFIER = com.metacognitive.Microverse.GuestOSService;
				PRODUCT_NAME = "$(TARGET_NAME)";
				SWIFT_VERSION = 5.0;
			};
			name = Debug;
		};
		357B42CE26C2FA3D007E0036 /* Release */ = {
			isa = XCBuildConfiguration;
			buildSettings = {
				CODE_SIGN_STYLE = Automatic;
				PRODUCT_BUNDLE_IDENTIFIER = com.metacognitive.Microverse.GuestOSService;
				PRODUCT_NAME = "$(TARGET_NAME)";
				SWIFT_VERSION = 5.0;
			};
			name = Release;
		};
		35CF8D6C26B8301000E83536 /* Debug */ = {
			isa = XCBuildConfiguration;
			buildSettings = {
				ALWAYS_SEARCH_USER_PATHS = NO;
				ARCHS = arm64;
				CLANG_ANALYZER_NONNULL = YES;
				CLANG_ANALYZER_NUMBER_OBJECT_CONVERSION = YES_AGGRESSIVE;
				CLANG_CXX_LANGUAGE_STANDARD = "gnu++17";
				CLANG_CXX_LIBRARY = "libc++";
				CLANG_ENABLE_MODULES = YES;
				CLANG_ENABLE_OBJC_ARC = YES;
				CLANG_ENABLE_OBJC_WEAK = YES;
				CLANG_WARN_BLOCK_CAPTURE_AUTORELEASING = YES;
				CLANG_WARN_BOOL_CONVERSION = YES;
				CLANG_WARN_COMMA = YES;
				CLANG_WARN_CONSTANT_CONVERSION = YES;
				CLANG_WARN_DEPRECATED_OBJC_IMPLEMENTATIONS = YES;
				CLANG_WARN_DIRECT_OBJC_ISA_USAGE = YES_ERROR;
				CLANG_WARN_DOCUMENTATION_COMMENTS = YES;
				CLANG_WARN_EMPTY_BODY = YES;
				CLANG_WARN_ENUM_CONVERSION = YES;
				CLANG_WARN_INFINITE_RECURSION = YES;
				CLANG_WARN_INT_CONVERSION = YES;
				CLANG_WARN_NON_LITERAL_NULL_CONVERSION = YES;
				CLANG_WARN_OBJC_IMPLICIT_RETAIN_SELF = YES;
				CLANG_WARN_OBJC_LITERAL_CONVERSION = YES;
				CLANG_WARN_OBJC_ROOT_CLASS = YES_ERROR;
				CLANG_WARN_QUOTED_INCLUDE_IN_FRAMEWORK_HEADER = YES;
				CLANG_WARN_RANGE_LOOP_ANALYSIS = YES;
				CLANG_WARN_STRICT_PROTOTYPES = YES;
				CLANG_WARN_SUSPICIOUS_MOVE = YES;
				CLANG_WARN_UNGUARDED_AVAILABILITY = YES_AGGRESSIVE;
				CLANG_WARN_UNREACHABLE_CODE = YES;
				CLANG_WARN__DUPLICATE_METHOD_MATCH = YES;
				COPY_PHASE_STRIP = NO;
				DEBUG_INFORMATION_FORMAT = dwarf;
				ENABLE_STRICT_OBJC_MSGSEND = YES;
				ENABLE_TESTABILITY = YES;
				GCC_C_LANGUAGE_STANDARD = gnu11;
				GCC_DYNAMIC_NO_PIC = NO;
				GCC_NO_COMMON_BLOCKS = YES;
				GCC_OPTIMIZATION_LEVEL = 0;
				GCC_PREPROCESSOR_DEFINITIONS = (
					"DEBUG=1",
					"$(inherited)",
				);
				GCC_WARN_64_TO_32_BIT_CONVERSION = YES;
				GCC_WARN_ABOUT_RETURN_TYPE = YES_ERROR;
				GCC_WARN_UNDECLARED_SELECTOR = YES;
				GCC_WARN_UNINITIALIZED_AUTOS = YES_AGGRESSIVE;
				GCC_WARN_UNUSED_FUNCTION = YES;
				GCC_WARN_UNUSED_VARIABLE = YES;
				MACOSX_DEPLOYMENT_TARGET = 12.0;
				MTL_ENABLE_DEBUG_INFO = INCLUDE_SOURCE;
				MTL_FAST_MATH = YES;
				ONLY_ACTIVE_ARCH = YES;
				SDKROOT = macosx;
				SWIFT_ACTIVE_COMPILATION_CONDITIONS = DEBUG;
				SWIFT_OPTIMIZATION_LEVEL = "-Onone";
			};
			name = Debug;
		};
		35CF8D6D26B8301000E83536 /* Release */ = {
			isa = XCBuildConfiguration;
			buildSettings = {
				ALWAYS_SEARCH_USER_PATHS = NO;
				ARCHS = arm64;
				CLANG_ANALYZER_NONNULL = YES;
				CLANG_ANALYZER_NUMBER_OBJECT_CONVERSION = YES_AGGRESSIVE;
				CLANG_CXX_LANGUAGE_STANDARD = "gnu++17";
				CLANG_CXX_LIBRARY = "libc++";
				CLANG_ENABLE_MODULES = YES;
				CLANG_ENABLE_OBJC_ARC = YES;
				CLANG_ENABLE_OBJC_WEAK = YES;
				CLANG_WARN_BLOCK_CAPTURE_AUTORELEASING = YES;
				CLANG_WARN_BOOL_CONVERSION = YES;
				CLANG_WARN_COMMA = YES;
				CLANG_WARN_CONSTANT_CONVERSION = YES;
				CLANG_WARN_DEPRECATED_OBJC_IMPLEMENTATIONS = YES;
				CLANG_WARN_DIRECT_OBJC_ISA_USAGE = YES_ERROR;
				CLANG_WARN_DOCUMENTATION_COMMENTS = YES;
				CLANG_WARN_EMPTY_BODY = YES;
				CLANG_WARN_ENUM_CONVERSION = YES;
				CLANG_WARN_INFINITE_RECURSION = YES;
				CLANG_WARN_INT_CONVERSION = YES;
				CLANG_WARN_NON_LITERAL_NULL_CONVERSION = YES;
				CLANG_WARN_OBJC_IMPLICIT_RETAIN_SELF = YES;
				CLANG_WARN_OBJC_LITERAL_CONVERSION = YES;
				CLANG_WARN_OBJC_ROOT_CLASS = YES_ERROR;
				CLANG_WARN_QUOTED_INCLUDE_IN_FRAMEWORK_HEADER = YES;
				CLANG_WARN_RANGE_LOOP_ANALYSIS = YES;
				CLANG_WARN_STRICT_PROTOTYPES = YES;
				CLANG_WARN_SUSPICIOUS_MOVE = YES;
				CLANG_WARN_UNGUARDED_AVAILABILITY = YES_AGGRESSIVE;
				CLANG_WARN_UNREACHABLE_CODE = YES;
				CLANG_WARN__DUPLICATE_METHOD_MATCH = YES;
				COPY_PHASE_STRIP = NO;
				DEBUG_INFORMATION_FORMAT = "dwarf-with-dsym";
				ENABLE_NS_ASSERTIONS = NO;
				ENABLE_STRICT_OBJC_MSGSEND = YES;
				GCC_C_LANGUAGE_STANDARD = gnu11;
				GCC_NO_COMMON_BLOCKS = YES;
				GCC_WARN_64_TO_32_BIT_CONVERSION = YES;
				GCC_WARN_ABOUT_RETURN_TYPE = YES_ERROR;
				GCC_WARN_UNDECLARED_SELECTOR = YES;
				GCC_WARN_UNINITIALIZED_AUTOS = YES_AGGRESSIVE;
				GCC_WARN_UNUSED_FUNCTION = YES;
				GCC_WARN_UNUSED_VARIABLE = YES;
				MACOSX_DEPLOYMENT_TARGET = 12.0;
				MTL_ENABLE_DEBUG_INFO = NO;
				MTL_FAST_MATH = YES;
				SDKROOT = macosx;
				SWIFT_COMPILATION_MODE = wholemodule;
				SWIFT_OPTIMIZATION_LEVEL = "-O";
			};
			name = Release;
		};
		35CF8D6F26B8301000E83536 /* Debug */ = {
			isa = XCBuildConfiguration;
			buildSettings = {
				ASSETCATALOG_COMPILER_APPICON_NAME = AppIcon;
				ASSETCATALOG_COMPILER_GLOBAL_ACCENT_COLOR_NAME = AccentColor;
				CODE_SIGN_ENTITLEMENTS = Microverse/Application/Microverse.entitlements;
				CODE_SIGN_STYLE = Automatic;
				COMBINE_HIDPI_IMAGES = YES;
				CURRENT_PROJECT_VERSION = 1;
				DEVELOPMENT_ASSET_PATHS = "\"Microverse/Application/Preview Content\"";
				ENABLE_APP_SANDBOX = YES;
				ENABLE_HARDENED_RUNTIME = YES;
				ENABLE_PREVIEWS = YES;
				ENABLE_USER_SELECTED_FILES = readwrite;
				GENERATE_INFOPLIST_FILE = YES;
				INFOPLIST_FILE = Microverse/Application/Info.plist;
				INFOPLIST_KEY_NSHumanReadableCopyright = "Copyright © 2021 Justin Spahr-Summers. Released under the MIT license.";
				LD_RUNPATH_SEARCH_PATHS = (
					"$(inherited)",
					"@executable_path/../Frameworks",
				);
				MACOSX_DEPLOYMENT_TARGET = 12.0;
				MARKETING_VERSION = 0.1;
				PRODUCT_BUNDLE_IDENTIFIER = com.metacognitive.Microverse;
				PRODUCT_NAME = "$(TARGET_NAME)";
				SWIFT_EMIT_LOC_STRINGS = YES;
				SWIFT_VERSION = 5.0;
			};
			name = Debug;
		};
		35CF8D7026B8301000E83536 /* Release */ = {
			isa = XCBuildConfiguration;
			buildSettings = {
				ASSETCATALOG_COMPILER_APPICON_NAME = AppIcon;
				ASSETCATALOG_COMPILER_GLOBAL_ACCENT_COLOR_NAME = AccentColor;
				CODE_SIGN_ENTITLEMENTS = Microverse/Application/Microverse.entitlements;
				CODE_SIGN_STYLE = Automatic;
				COMBINE_HIDPI_IMAGES = YES;
				CURRENT_PROJECT_VERSION = 1;
				DEVELOPMENT_ASSET_PATHS = "\"Microverse/Application/Preview Content\"";
				ENABLE_APP_SANDBOX = YES;
				ENABLE_HARDENED_RUNTIME = YES;
				ENABLE_PREVIEWS = YES;
				ENABLE_USER_SELECTED_FILES = readwrite;
				GENERATE_INFOPLIST_FILE = YES;
				INFOPLIST_FILE = Microverse/Application/Info.plist;
				INFOPLIST_KEY_NSHumanReadableCopyright = "Copyright © 2021 Justin Spahr-Summers. Released under the MIT license.";
				LD_RUNPATH_SEARCH_PATHS = (
					"$(inherited)",
					"@executable_path/../Frameworks",
				);
				MACOSX_DEPLOYMENT_TARGET = 12.0;
				MARKETING_VERSION = 0.1;
				PRODUCT_BUNDLE_IDENTIFIER = com.metacognitive.Microverse;
				PRODUCT_NAME = "$(TARGET_NAME)";
				SWIFT_EMIT_LOC_STRINGS = YES;
				SWIFT_VERSION = 5.0;
			};
			name = Release;
		};
/* End XCBuildConfiguration section */

/* Begin XCConfigurationList section */
		357B42CC26C2FA3D007E0036 /* Build configuration list for PBXNativeTarget "MicroverseGuestOSService" */ = {
			isa = XCConfigurationList;
			buildConfigurations = (
				357B42CD26C2FA3D007E0036 /* Debug */,
				357B42CE26C2FA3D007E0036 /* Release */,
			);
			defaultConfigurationIsVisible = 0;
			defaultConfigurationName = Release;
		};
		35CF8D5826B8300F00E83536 /* Build configuration list for PBXProject "Microverse" */ = {
			isa = XCConfigurationList;
			buildConfigurations = (
				35CF8D6C26B8301000E83536 /* Debug */,
				35CF8D6D26B8301000E83536 /* Release */,
			);
			defaultConfigurationIsVisible = 0;
			defaultConfigurationName = Release;
		};
		35CF8D6E26B8301000E83536 /* Build configuration list for PBXNativeTarget "Microverse" */ = {
			isa = XCConfigurationList;
			buildConfigurations = (
				35CF8D6F26B8301000E83536 /* Debug */,
				35CF8D7026B8301000E83536 /* Release */,
			);
			defaultConfigurationIsVisible = 0;
			defaultConfigurationName = Release;
		};
/* End XCConfigurationList section */

/* Begin XCRemoteSwiftPackageReference section */
		357B42BF26C2F9D2007E0036 /* XCRemoteSwiftPackageReference "grpc-swift" */ = {
			isa = XCRemoteSwiftPackageReference;
			repositoryURL = "https://github.com/grpc/grpc-swift";
			requirement = {
				kind = upToNextMajorVersion;
				minimumVersion = 1.0.0;
			};
		};
/* End XCRemoteSwiftPackageReference section */

/* Begin XCSwiftPackageProductDependency section */
		357B42C026C2F9D2007E0036 /* CGRPCZlib */ = {
			isa = XCSwiftPackageProductDependency;
			package = 357B42BF26C2F9D2007E0036 /* XCRemoteSwiftPackageReference "grpc-swift" */;
			productName = CGRPCZlib;
		};
		357B42C226C2F9D2007E0036 /* GRPC */ = {
			isa = XCSwiftPackageProductDependency;
			package = 357B42BF26C2F9D2007E0036 /* XCRemoteSwiftPackageReference "grpc-swift" */;
			productName = GRPC;
		};
		5222D11226C301A700E6BB28 /* GRPC */ = {
			isa = XCSwiftPackageProductDependency;
			package = 357B42BF26C2F9D2007E0036 /* XCRemoteSwiftPackageReference "grpc-swift" */;
			productName = GRPC;
		};
/* End XCSwiftPackageProductDependency section */
	};
	rootObject = 35CF8D5526B8300F00E83536 /* Project object */;
}
