// !$*UTF8*$!
{
	archiveVersion = 1;
	classes = {
	};
	objectVersion = 55;
	objects = {

/* Begin PBXBuildFile section */
		3526598E26BFEFBF001D5029 /* VirtualMachineController.swift in Sources */ = {isa = PBXBuildFile; fileRef = 3526598D26BFEFBF001D5029 /* VirtualMachineController.swift */; };
		3526599026BFF2E2001D5029 /* MicroverseErrors.swift in Sources */ = {isa = PBXBuildFile; fileRef = 3526598F26BFF2E2001D5029 /* MicroverseErrors.swift */; };
		352AF07626BAFDD700AFD751 /* PathField.swift in Sources */ = {isa = PBXBuildFile; fileRef = 352AF07526BAFDD700AFD751 /* PathField.swift */; };
		352AF07A26BB026900AFD751 /* MacRestoreImageView.swift in Sources */ = {isa = PBXBuildFile; fileRef = 352AF07926BB026900AFD751 /* MacRestoreImageView.swift */; };
		3537950926C5107900711BCE /* MicroverseGuestOSServices.dmg in Resources */ = {isa = PBXBuildFile; fileRef = 3537950826C5107900711BCE /* MicroverseGuestOSServices.dmg */; };
		3537950B26C5115A00711BCE /* VirtualMachineToolbar.swift in Sources */ = {isa = PBXBuildFile; fileRef = 3537950A26C5115A00711BCE /* VirtualMachineToolbar.swift */; };
		357457C426C044E700BFA2D7 /* KeyedCodingExtensions.swift in Sources */ = {isa = PBXBuildFile; fileRef = 357457C326C044E700BFA2D7 /* KeyedCodingExtensions.swift */; };
		357B42CB26C2FA3D007E0036 /* main.swift in Sources */ = {isa = PBXBuildFile; fileRef = 357B42CA26C2FA3D007E0036 /* main.swift */; };
		359B9B0626B8AAC100AA3989 /* MicroverseDocument.swift in Sources */ = {isa = PBXBuildFile; fileRef = 359B9B0526B8AAC100AA3989 /* MicroverseDocument.swift */; };
		35AA765B26D2D33000CC9896 /* PortMessages.swift in Sources */ = {isa = PBXBuildFile; fileRef = 3548D7A026CE849800F94B18 /* PortMessages.swift */; };
		35AA765C26D2D34500CC9896 /* libMicroverseNetworking.a in Frameworks */ = {isa = PBXBuildFile; fileRef = 35AA765226D2D32600CC9896 /* libMicroverseNetworking.a */; };
		35AA765D26D2D34800CC9896 /* libMicroverseNetworking.a in Frameworks */ = {isa = PBXBuildFile; fileRef = 35AA765226D2D32600CC9896 /* libMicroverseNetworking.a */; };
		35AA765F26D2D38D00CC9896 /* NetworkingError.swift in Sources */ = {isa = PBXBuildFile; fileRef = 35AA765E26D2D38D00CC9896 /* NetworkingError.swift */; };
		35AA766426D2D4B200CC9896 /* Constants.swift in Sources */ = {isa = PBXBuildFile; fileRef = 3537950526C5101B00711BCE /* Constants.swift */; };
		35AA766626D2E1FE00CC9896 /* Server.swift in Sources */ = {isa = PBXBuildFile; fileRef = 35AA766526D2E1FE00CC9896 /* Server.swift */; };
		35AA766826D2E27E00CC9896 /* Client.swift in Sources */ = {isa = PBXBuildFile; fileRef = 35AA766726D2E27E00CC9896 /* Client.swift */; };
		35AA767126D2E45A00CC9896 /* ClientServerTests.swift in Sources */ = {isa = PBXBuildFile; fileRef = 35AA767026D2E45A00CC9896 /* ClientServerTests.swift */; };
		35AA767226D2E45A00CC9896 /* libMicroverseNetworking.a in Frameworks */ = {isa = PBXBuildFile; fileRef = 35AA765226D2D32600CC9896 /* libMicroverseNetworking.a */; };
		35C1E9EE26BF11E1005F47D0 /* AttachedDiskImage.swift in Sources */ = {isa = PBXBuildFile; fileRef = 35C1E9ED26BF11E1005F47D0 /* AttachedDiskImage.swift */; };
		35CF8D6126B8300F00E83536 /* MicroverseApp.swift in Sources */ = {isa = PBXBuildFile; fileRef = 35CF8D6026B8300F00E83536 /* MicroverseApp.swift */; };
		35CF8D6526B8300F00E83536 /* DocumentView.swift in Sources */ = {isa = PBXBuildFile; fileRef = 35CF8D6426B8300F00E83536 /* DocumentView.swift */; };
		35CF8D6726B8301000E83536 /* Assets.xcassets in Resources */ = {isa = PBXBuildFile; fileRef = 35CF8D6626B8301000E83536 /* Assets.xcassets */; };
		35CF8D6A26B8301000E83536 /* Preview Assets.xcassets in Resources */ = {isa = PBXBuildFile; fileRef = 35CF8D6926B8301000E83536 /* Preview Assets.xcassets */; };
		35CF8D7626B836A900E83536 /* VirtualMachine.swift in Sources */ = {isa = PBXBuildFile; fileRef = 35CF8D7526B836A900E83536 /* VirtualMachine.swift */; };
		35CF8D7A26B8421B00E83536 /* VirtualMachineView.swift in Sources */ = {isa = PBXBuildFile; fileRef = 35CF8D7926B8421B00E83536 /* VirtualMachineView.swift */; };
		35CF8D7C26B8431300E83536 /* VirtualMachineConfigurationView.swift in Sources */ = {isa = PBXBuildFile; fileRef = 35CF8D7B26B8431300E83536 /* VirtualMachineConfigurationView.swift */; };
		35CF8D7E26B855E200E83536 /* VirtualMachineConfiguration.swift in Sources */ = {isa = PBXBuildFile; fileRef = 35CF8D7D26B855E200E83536 /* VirtualMachineConfiguration.swift */; };
		35CF8D8026B8704200E83536 /* DiskCreationView.swift in Sources */ = {isa = PBXBuildFile; fileRef = 35CF8D7F26B8704200E83536 /* DiskCreationView.swift */; };
		35CF8D8726B8837500E83536 /* AttachedDisksView.swift in Sources */ = {isa = PBXBuildFile; fileRef = 35CF8D8626B8837500E83536 /* AttachedDisksView.swift */; };
		35CF8D8E26B89E9B00E83536 /* NSWindowExtensions.swift in Sources */ = {isa = PBXBuildFile; fileRef = 35CF8D8D26B89E9B00E83536 /* NSWindowExtensions.swift */; };
		35FE87D826BEBD62009B9B51 /* MacOSDocumentView.swift in Sources */ = {isa = PBXBuildFile; fileRef = 35FE87D726BEBD62009B9B51 /* MacOSDocumentView.swift */; };
		35FE87DC26BEC049009B9B51 /* MacOSVirtualMachine.swift in Sources */ = {isa = PBXBuildFile; fileRef = 35FE87DB26BEC049009B9B51 /* MacOSVirtualMachine.swift */; };
		35FE87DE26BEC05C009B9B51 /* ConfigurableVirtualMachine.swift in Sources */ = {isa = PBXBuildFile; fileRef = 35FE87DD26BEC05C009B9B51 /* ConfigurableVirtualMachine.swift */; };
		35FE87E026BECD2E009B9B51 /* MacOSInstallView.swift in Sources */ = {isa = PBXBuildFile; fileRef = 35FE87DF26BECD2E009B9B51 /* MacOSInstallView.swift */; };
		35FE87E226BEE980009B9B51 /* MacAuxiliaryStorageView.swift in Sources */ = {isa = PBXBuildFile; fileRef = 35FE87E126BEE980009B9B51 /* MacAuxiliaryStorageView.swift */; };
/* End PBXBuildFile section */

/* Begin PBXContainerItemProxy section */
		3537950126C50CC200711BCE /* PBXContainerItemProxy */ = {
			isa = PBXContainerItemProxy;
			containerPortal = 35CF8D5526B8300F00E83536 /* Project object */;
			proxyType = 1;
			remoteGlobalIDString = 357B42C726C2FA3C007E0036;
			remoteInfo = MicroverseGuestOSService;
		};
		35AA767326D2E45A00CC9896 /* PBXContainerItemProxy */ = {
			isa = PBXContainerItemProxy;
			containerPortal = 35CF8D5526B8300F00E83536 /* Project object */;
			proxyType = 1;
			remoteGlobalIDString = 35AA765126D2D32600CC9896;
			remoteInfo = MicroverseNetworking;
		};
/* End PBXContainerItemProxy section */

/* Begin PBXFileReference section */
		3526598D26BFEFBF001D5029 /* VirtualMachineController.swift */ = {isa = PBXFileReference; lastKnownFileType = sourcecode.swift; path = VirtualMachineController.swift; sourceTree = "<group>"; };
		3526598F26BFF2E2001D5029 /* MicroverseErrors.swift */ = {isa = PBXFileReference; lastKnownFileType = sourcecode.swift; path = MicroverseErrors.swift; sourceTree = "<group>"; };
		352AF07526BAFDD700AFD751 /* PathField.swift */ = {isa = PBXFileReference; lastKnownFileType = sourcecode.swift; path = PathField.swift; sourceTree = "<group>"; };
		352AF07926BB026900AFD751 /* MacRestoreImageView.swift */ = {isa = PBXFileReference; lastKnownFileType = sourcecode.swift; path = MacRestoreImageView.swift; sourceTree = "<group>"; };
		353794FF26C5087E00711BCE /* package_installer.sh */ = {isa = PBXFileReference; lastKnownFileType = text.script.sh; path = package_installer.sh; sourceTree = "<group>"; };
		3537950526C5101B00711BCE /* Constants.swift */ = {isa = PBXFileReference; lastKnownFileType = sourcecode.swift; path = Constants.swift; sourceTree = "<group>"; };
		3537950826C5107900711BCE /* MicroverseGuestOSServices.dmg */ = {isa = PBXFileReference; lastKnownFileType = file; name = MicroverseGuestOSServices.dmg; path = ../../Intermediates.noindex/Microverse.build/Debug/MicroverseGuestOSService.build/DerivedSources/MicroverseGuestOSServices.dmg; sourceTree = BUILT_PRODUCTS_DIR; };
		3537950A26C5115A00711BCE /* VirtualMachineToolbar.swift */ = {isa = PBXFileReference; lastKnownFileType = sourcecode.swift; path = VirtualMachineToolbar.swift; sourceTree = "<group>"; };
		3548D7A026CE849800F94B18 /* PortMessages.swift */ = {isa = PBXFileReference; lastKnownFileType = sourcecode.swift; path = PortMessages.swift; sourceTree = "<group>"; };
		3548D7A326CE9F5F00F94B18 /* Bridging-Header.h */ = {isa = PBXFileReference; lastKnownFileType = sourcecode.c.h; path = "Bridging-Header.h"; sourceTree = "<group>"; };
		357457C326C044E700BFA2D7 /* KeyedCodingExtensions.swift */ = {isa = PBXFileReference; lastKnownFileType = sourcecode.swift; path = KeyedCodingExtensions.swift; sourceTree = "<group>"; };
		357B42C826C2FA3C007E0036 /* MicroverseGuestOSService */ = {isa = PBXFileReference; explicitFileType = "compiled.mach-o.executable"; includeInIndex = 0; path = MicroverseGuestOSService; sourceTree = BUILT_PRODUCTS_DIR; };
		357B42CA26C2FA3D007E0036 /* main.swift */ = {isa = PBXFileReference; lastKnownFileType = sourcecode.swift; path = main.swift; sourceTree = "<group>"; };
		3589944626C304B500EE0E66 /* com.metacognitive.Microverse.GuestOSService.plist */ = {isa = PBXFileReference; lastKnownFileType = text.plist.xml; path = com.metacognitive.Microverse.GuestOSService.plist; sourceTree = "<group>"; };
		359B9B0526B8AAC100AA3989 /* MicroverseDocument.swift */ = {isa = PBXFileReference; fileEncoding = 4; lastKnownFileType = sourcecode.swift; path = MicroverseDocument.swift; sourceTree = "<group>"; };
		35AA765226D2D32600CC9896 /* libMicroverseNetworking.a */ = {isa = PBXFileReference; explicitFileType = archive.ar; includeInIndex = 0; path = libMicroverseNetworking.a; sourceTree = BUILT_PRODUCTS_DIR; };
		35AA765E26D2D38D00CC9896 /* NetworkingError.swift */ = {isa = PBXFileReference; lastKnownFileType = sourcecode.swift; path = NetworkingError.swift; sourceTree = "<group>"; };
		35AA766526D2E1FE00CC9896 /* Server.swift */ = {isa = PBXFileReference; lastKnownFileType = sourcecode.swift; path = Server.swift; sourceTree = "<group>"; };
		35AA766726D2E27E00CC9896 /* Client.swift */ = {isa = PBXFileReference; lastKnownFileType = sourcecode.swift; path = Client.swift; sourceTree = "<group>"; };
		35AA766E26D2E45A00CC9896 /* MicroverseNetworkingTests.xctest */ = {isa = PBXFileReference; explicitFileType = wrapper.cfbundle; includeInIndex = 0; path = MicroverseNetworkingTests.xctest; sourceTree = BUILT_PRODUCTS_DIR; };
		35AA767026D2E45A00CC9896 /* ClientServerTests.swift */ = {isa = PBXFileReference; lastKnownFileType = sourcecode.swift; path = ClientServerTests.swift; sourceTree = "<group>"; };
		35C1E9ED26BF11E1005F47D0 /* AttachedDiskImage.swift */ = {isa = PBXFileReference; lastKnownFileType = sourcecode.swift; path = AttachedDiskImage.swift; sourceTree = "<group>"; };
		35CF8D5D26B8300F00E83536 /* Microverse.app */ = {isa = PBXFileReference; explicitFileType = wrapper.application; includeInIndex = 0; path = Microverse.app; sourceTree = BUILT_PRODUCTS_DIR; };
		35CF8D6026B8300F00E83536 /* MicroverseApp.swift */ = {isa = PBXFileReference; lastKnownFileType = sourcecode.swift; path = MicroverseApp.swift; sourceTree = "<group>"; };
		35CF8D6426B8300F00E83536 /* DocumentView.swift */ = {isa = PBXFileReference; lastKnownFileType = sourcecode.swift; path = DocumentView.swift; sourceTree = "<group>"; };
		35CF8D6626B8301000E83536 /* Assets.xcassets */ = {isa = PBXFileReference; lastKnownFileType = folder.assetcatalog; path = Assets.xcassets; sourceTree = "<group>"; };
		35CF8D6926B8301000E83536 /* Preview Assets.xcassets */ = {isa = PBXFileReference; lastKnownFileType = folder.assetcatalog; path = "Preview Assets.xcassets"; sourceTree = "<group>"; };
		35CF8D6B26B8301000E83536 /* Info.plist */ = {isa = PBXFileReference; lastKnownFileType = text.plist.xml; path = Info.plist; sourceTree = "<group>"; };
		35CF8D7526B836A900E83536 /* VirtualMachine.swift */ = {isa = PBXFileReference; lastKnownFileType = sourcecode.swift; path = VirtualMachine.swift; sourceTree = "<group>"; };
		35CF8D7926B8421B00E83536 /* VirtualMachineView.swift */ = {isa = PBXFileReference; lastKnownFileType = sourcecode.swift; path = VirtualMachineView.swift; sourceTree = "<group>"; };
		35CF8D7B26B8431300E83536 /* VirtualMachineConfigurationView.swift */ = {isa = PBXFileReference; lastKnownFileType = sourcecode.swift; path = VirtualMachineConfigurationView.swift; sourceTree = "<group>"; };
		35CF8D7D26B855E200E83536 /* VirtualMachineConfiguration.swift */ = {isa = PBXFileReference; lastKnownFileType = sourcecode.swift; path = VirtualMachineConfiguration.swift; sourceTree = "<group>"; };
		35CF8D7F26B8704200E83536 /* DiskCreationView.swift */ = {isa = PBXFileReference; lastKnownFileType = sourcecode.swift; path = DiskCreationView.swift; sourceTree = "<group>"; };
		35CF8D8326B8829500E83536 /* Microverse.entitlements */ = {isa = PBXFileReference; lastKnownFileType = text.plist.entitlements; path = Microverse.entitlements; sourceTree = "<group>"; };
		35CF8D8626B8837500E83536 /* AttachedDisksView.swift */ = {isa = PBXFileReference; lastKnownFileType = sourcecode.swift; path = AttachedDisksView.swift; sourceTree = "<group>"; };
		35CF8D8D26B89E9B00E83536 /* NSWindowExtensions.swift */ = {isa = PBXFileReference; lastKnownFileType = sourcecode.swift; path = NSWindowExtensions.swift; sourceTree = "<group>"; };
		35FE87D726BEBD62009B9B51 /* MacOSDocumentView.swift */ = {isa = PBXFileReference; lastKnownFileType = sourcecode.swift; path = MacOSDocumentView.swift; sourceTree = "<group>"; };
		35FE87DB26BEC049009B9B51 /* MacOSVirtualMachine.swift */ = {isa = PBXFileReference; lastKnownFileType = sourcecode.swift; path = MacOSVirtualMachine.swift; sourceTree = "<group>"; };
		35FE87DD26BEC05C009B9B51 /* ConfigurableVirtualMachine.swift */ = {isa = PBXFileReference; lastKnownFileType = sourcecode.swift; path = ConfigurableVirtualMachine.swift; sourceTree = "<group>"; };
		35FE87DF26BECD2E009B9B51 /* MacOSInstallView.swift */ = {isa = PBXFileReference; lastKnownFileType = sourcecode.swift; path = MacOSInstallView.swift; sourceTree = "<group>"; };
		35FE87E126BEE980009B9B51 /* MacAuxiliaryStorageView.swift */ = {isa = PBXFileReference; lastKnownFileType = sourcecode.swift; path = MacAuxiliaryStorageView.swift; sourceTree = "<group>"; };
/* End PBXFileReference section */

/* Begin PBXFrameworksBuildPhase section */
		357B42C526C2FA3C007E0036 /* Frameworks */ = {
			isa = PBXFrameworksBuildPhase;
			buildActionMask = 2147483647;
			files = (
				35AA765C26D2D34500CC9896 /* libMicroverseNetworking.a in Frameworks */,
			);
			runOnlyForDeploymentPostprocessing = 0;
		};
		35AA765026D2D32600CC9896 /* Frameworks */ = {
			isa = PBXFrameworksBuildPhase;
			buildActionMask = 2147483647;
			files = (
			);
			runOnlyForDeploymentPostprocessing = 0;
		};
		35AA766B26D2E45A00CC9896 /* Frameworks */ = {
			isa = PBXFrameworksBuildPhase;
			buildActionMask = 2147483647;
			files = (
				35AA767226D2E45A00CC9896 /* libMicroverseNetworking.a in Frameworks */,
			);
			runOnlyForDeploymentPostprocessing = 0;
		};
		35CF8D5A26B8300F00E83536 /* Frameworks */ = {
			isa = PBXFrameworksBuildPhase;
			buildActionMask = 2147483647;
			files = (
				35AA765D26D2D34800CC9896 /* libMicroverseNetworking.a in Frameworks */,
			);
			runOnlyForDeploymentPostprocessing = 0;
		};
/* End PBXFrameworksBuildPhase section */

/* Begin PBXGroup section */
		352AF07026BAFCCE00AFD751 /* View */ = {
			isa = PBXGroup;
			children = (
				35CF8D8626B8837500E83536 /* AttachedDisksView.swift */,
				35CF8D7F26B8704200E83536 /* DiskCreationView.swift */,
				35CF8D6426B8300F00E83536 /* DocumentView.swift */,
				35FE87E126BEE980009B9B51 /* MacAuxiliaryStorageView.swift */,
				35FE87D726BEBD62009B9B51 /* MacOSDocumentView.swift */,
				35FE87DF26BECD2E009B9B51 /* MacOSInstallView.swift */,
				352AF07926BB026900AFD751 /* MacRestoreImageView.swift */,
				352AF07526BAFDD700AFD751 /* PathField.swift */,
				35CF8D7B26B8431300E83536 /* VirtualMachineConfigurationView.swift */,
				3537950A26C5115A00711BCE /* VirtualMachineToolbar.swift */,
				35CF8D7926B8421B00E83536 /* VirtualMachineView.swift */,
			);
			path = View;
			sourceTree = "<group>";
		};
		352AF07126BAFCE500AFD751 /* Extensions */ = {
			isa = PBXGroup;
			children = (
				357457C326C044E700BFA2D7 /* KeyedCodingExtensions.swift */,
				35CF8D8D26B89E9B00E83536 /* NSWindowExtensions.swift */,
			);
			path = Extensions;
			sourceTree = "<group>";
		};
		352AF07226BAFCEB00AFD751 /* Application */ = {
			isa = PBXGroup;
			children = (
				35CF8D6626B8301000E83536 /* Assets.xcassets */,
				35CF8D6B26B8301000E83536 /* Info.plist */,
				35CF8D8326B8829500E83536 /* Microverse.entitlements */,
				35CF8D6026B8300F00E83536 /* MicroverseApp.swift */,
				359B9B0526B8AAC100AA3989 /* MicroverseDocument.swift */,
				3526598F26BFF2E2001D5029 /* MicroverseErrors.swift */,
				35CF8D6826B8301000E83536 /* Preview Content */,
			);
			path = Application;
			sourceTree = "<group>";
		};
		352AF07426BAFCFE00AFD751 /* Model */ = {
			isa = PBXGroup;
			children = (
				35C1E9ED26BF11E1005F47D0 /* AttachedDiskImage.swift */,
				35FE87DD26BEC05C009B9B51 /* ConfigurableVirtualMachine.swift */,
				35FE87DB26BEC049009B9B51 /* MacOSVirtualMachine.swift */,
				35CF8D7526B836A900E83536 /* VirtualMachine.swift */,
				35CF8D7D26B855E200E83536 /* VirtualMachineConfiguration.swift */,
				3526598D26BFEFBF001D5029 /* VirtualMachineController.swift */,
			);
			path = Model;
			sourceTree = "<group>";
		};
		357B42C926C2FA3D007E0036 /* MicroverseGuestOSService */ = {
			isa = PBXGroup;
			children = (
				3589944626C304B500EE0E66 /* com.metacognitive.Microverse.GuestOSService.plist */,
				357B42CA26C2FA3D007E0036 /* main.swift */,
				3537950826C5107900711BCE /* MicroverseGuestOSServices.dmg */,
				353794FF26C5087E00711BCE /* package_installer.sh */,
			);
			path = MicroverseGuestOSService;
			sourceTree = "<group>";
		};
		35AA765326D2D32600CC9896 /* MicroverseNetworking */ = {
			isa = PBXGroup;
			children = (
				3548D7A326CE9F5F00F94B18 /* Bridging-Header.h */,
				35AA766726D2E27E00CC9896 /* Client.swift */,
				3537950526C5101B00711BCE /* Constants.swift */,
				35AA765E26D2D38D00CC9896 /* NetworkingError.swift */,
				3548D7A026CE849800F94B18 /* PortMessages.swift */,
				35AA766526D2E1FE00CC9896 /* Server.swift */,
			);
			path = MicroverseNetworking;
			sourceTree = "<group>";
		};
		35AA766F26D2E45A00CC9896 /* MicroverseNetworkingTests */ = {
			isa = PBXGroup;
			children = (
				35AA767026D2E45A00CC9896 /* ClientServerTests.swift */,
			);
			path = MicroverseNetworkingTests;
			sourceTree = "<group>";
		};
		35CF8D5426B8300F00E83536 = {
			isa = PBXGroup;
			children = (
				35CF8D5F26B8300F00E83536 /* Microverse */,
				357B42C926C2FA3D007E0036 /* MicroverseGuestOSService */,
				35AA765326D2D32600CC9896 /* MicroverseNetworking */,
				35AA766F26D2E45A00CC9896 /* MicroverseNetworkingTests */,
				5222D11126C301A700E6BB28 /* Frameworks */,
				35CF8D5E26B8300F00E83536 /* Products */,
			);
			sourceTree = "<group>";
		};
		35CF8D5E26B8300F00E83536 /* Products */ = {
			isa = PBXGroup;
			children = (
				35CF8D5D26B8300F00E83536 /* Microverse.app */,
				357B42C826C2FA3C007E0036 /* MicroverseGuestOSService */,
				35AA765226D2D32600CC9896 /* libMicroverseNetworking.a */,
				35AA766E26D2E45A00CC9896 /* MicroverseNetworkingTests.xctest */,
			);
			name = Products;
			sourceTree = "<group>";
		};
		35CF8D5F26B8300F00E83536 /* Microverse */ = {
			isa = PBXGroup;
			children = (
				352AF07226BAFCEB00AFD751 /* Application */,
				352AF07126BAFCE500AFD751 /* Extensions */,
				352AF07426BAFCFE00AFD751 /* Model */,
				352AF07026BAFCCE00AFD751 /* View */,
			);
			path = Microverse;
			sourceTree = "<group>";
		};
		35CF8D6826B8301000E83536 /* Preview Content */ = {
			isa = PBXGroup;
			children = (
				35CF8D6926B8301000E83536 /* Preview Assets.xcassets */,
			);
			path = "Preview Content";
			sourceTree = "<group>";
		};
		5222D11126C301A700E6BB28 /* Frameworks */ = {
			isa = PBXGroup;
			children = (
			);
			name = Frameworks;
			sourceTree = "<group>";
		};
/* End PBXGroup section */

/* Begin PBXHeadersBuildPhase section */
		35AA764E26D2D32600CC9896 /* Headers */ = {
			isa = PBXHeadersBuildPhase;
			buildActionMask = 2147483647;
			files = (
			);
			runOnlyForDeploymentPostprocessing = 0;
		};
/* End PBXHeadersBuildPhase section */

/* Begin PBXNativeTarget section */
		357B42C726C2FA3C007E0036 /* MicroverseGuestOSService */ = {
			isa = PBXNativeTarget;
			buildConfigurationList = 357B42CC26C2FA3D007E0036 /* Build configuration list for PBXNativeTarget "MicroverseGuestOSService" */;
			buildPhases = (
				357B42C426C2FA3C007E0036 /* Sources */,
				357B42C526C2FA3C007E0036 /* Frameworks */,
				3537950026C5089800711BCE /* ShellScript */,
			);
			buildRules = (
			);
			dependencies = (
			);
			name = MicroverseGuestOSService;
			packageProductDependencies = (
			);
			productName = MicroverseGuestOSService;
			productReference = 357B42C826C2FA3C007E0036 /* MicroverseGuestOSService */;
			productType = "com.apple.product-type.tool";
		};
		35AA765126D2D32600CC9896 /* MicroverseNetworking */ = {
			isa = PBXNativeTarget;
			buildConfigurationList = 35AA765A26D2D32600CC9896 /* Build configuration list for PBXNativeTarget "MicroverseNetworking" */;
			buildPhases = (
				35AA764E26D2D32600CC9896 /* Headers */,
				35AA764F26D2D32600CC9896 /* Sources */,
				35AA765026D2D32600CC9896 /* Frameworks */,
			);
			buildRules = (
			);
			dependencies = (
			);
			name = MicroverseNetworking;
			productName = MicroverseNetworking;
			productReference = 35AA765226D2D32600CC9896 /* libMicroverseNetworking.a */;
			productType = "com.apple.product-type.library.static";
		};
		35AA766D26D2E45A00CC9896 /* MicroverseNetworkingTests */ = {
			isa = PBXNativeTarget;
			buildConfigurationList = 35AA767526D2E45A00CC9896 /* Build configuration list for PBXNativeTarget "MicroverseNetworkingTests" */;
			buildPhases = (
				35AA766A26D2E45A00CC9896 /* Sources */,
				35AA766B26D2E45A00CC9896 /* Frameworks */,
				35AA766C26D2E45A00CC9896 /* Resources */,
			);
			buildRules = (
			);
			dependencies = (
				35AA767426D2E45A00CC9896 /* PBXTargetDependency */,
			);
			name = MicroverseNetworkingTests;
			productName = MicroverseNetworkingTests;
			productReference = 35AA766E26D2E45A00CC9896 /* MicroverseNetworkingTests.xctest */;
			productType = "com.apple.product-type.bundle.unit-test";
		};
		35CF8D5C26B8300F00E83536 /* Microverse */ = {
			isa = PBXNativeTarget;
			buildConfigurationList = 35CF8D6E26B8301000E83536 /* Build configuration list for PBXNativeTarget "Microverse" */;
			buildPhases = (
				35CF8D5926B8300F00E83536 /* Sources */,
				35CF8D5A26B8300F00E83536 /* Frameworks */,
				35CF8D5B26B8300F00E83536 /* Resources */,
			);
			buildRules = (
			);
			dependencies = (
				3537950226C50CC200711BCE /* PBXTargetDependency */,
			);
			name = Microverse;
			packageProductDependencies = (
			);
			productName = Microverse;
			productReference = 35CF8D5D26B8300F00E83536 /* Microverse.app */;
			productType = "com.apple.product-type.application";
		};
/* End PBXNativeTarget section */

/* Begin PBXProject section */
		35CF8D5526B8300F00E83536 /* Project object */ = {
			isa = PBXProject;
			attributes = {
				BuildIndependentTargetsInParallel = 1;
				LastSwiftUpdateCheck = 1300;
				LastUpgradeCheck = 1300;
				TargetAttributes = {
					357B42C726C2FA3C007E0036 = {
						CreatedOnToolsVersion = 13.0;
					};
					35AA765126D2D32600CC9896 = {
						CreatedOnToolsVersion = 13.0;
					};
					35AA766D26D2E45A00CC9896 = {
						CreatedOnToolsVersion = 13.0;
					};
					35CF8D5C26B8300F00E83536 = {
						CreatedOnToolsVersion = 13.0;
					};
				};
			};
			buildConfigurationList = 35CF8D5826B8300F00E83536 /* Build configuration list for PBXProject "Microverse" */;
			compatibilityVersion = "Xcode 13.0";
			developmentRegion = en;
			hasScannedForEncodings = 0;
			knownRegions = (
				en,
				Base,
			);
			mainGroup = 35CF8D5426B8300F00E83536;
			packageReferences = (
			);
			productRefGroup = 35CF8D5E26B8300F00E83536 /* Products */;
			projectDirPath = "";
			projectRoot = "";
			targets = (
				35CF8D5C26B8300F00E83536 /* Microverse */,
				357B42C726C2FA3C007E0036 /* MicroverseGuestOSService */,
				35AA765126D2D32600CC9896 /* MicroverseNetworking */,
				35AA766D26D2E45A00CC9896 /* MicroverseNetworkingTests */,
			);
		};
/* End PBXProject section */

/* Begin PBXResourcesBuildPhase section */
		35AA766C26D2E45A00CC9896 /* Resources */ = {
			isa = PBXResourcesBuildPhase;
			buildActionMask = 2147483647;
			files = (
			);
			runOnlyForDeploymentPostprocessing = 0;
		};
		35CF8D5B26B8300F00E83536 /* Resources */ = {
			isa = PBXResourcesBuildPhase;
			buildActionMask = 2147483647;
			files = (
				35CF8D6A26B8301000E83536 /* Preview Assets.xcassets in Resources */,
				35CF8D6726B8301000E83536 /* Assets.xcassets in Resources */,
				3537950926C5107900711BCE /* MicroverseGuestOSServices.dmg in Resources */,
			);
			runOnlyForDeploymentPostprocessing = 0;
		};
/* End PBXResourcesBuildPhase section */

/* Begin PBXShellScriptBuildPhase section */
		3537950026C5089800711BCE /* ShellScript */ = {
			isa = PBXShellScriptBuildPhase;
			buildActionMask = 2147483647;
			files = (
			);
			inputFileListPaths = (
			);
			inputPaths = (
				"$(BUILT_PRODUCTS_DIR)/$(FULL_PRODUCT_NAME)",
				"$(SRCROOT)/MicroverseGuestOSService/com.metacognitive.Microverse.GuestOSService.plist",
			);
			outputFileListPaths = (
			);
			outputPaths = (
				"$(DERIVED_FILE_DIR)/MicroverseGuestOSServices.dmg",
			);
			runOnlyForDeploymentPostprocessing = 0;
			shellPath = "/bin/sh -x";
			shellScript = "./MicroverseGuestOSService/package_installer.sh\n";
		};
/* End PBXShellScriptBuildPhase section */

/* Begin PBXSourcesBuildPhase section */
		357B42C426C2FA3C007E0036 /* Sources */ = {
			isa = PBXSourcesBuildPhase;
			buildActionMask = 2147483647;
			files = (
				357B42CB26C2FA3D007E0036 /* main.swift in Sources */,
			);
			runOnlyForDeploymentPostprocessing = 0;
		};
		35AA764F26D2D32600CC9896 /* Sources */ = {
			isa = PBXSourcesBuildPhase;
			buildActionMask = 2147483647;
			files = (
				35AA765F26D2D38D00CC9896 /* NetworkingError.swift in Sources */,
				35AA765B26D2D33000CC9896 /* PortMessages.swift in Sources */,
				35AA766626D2E1FE00CC9896 /* Server.swift in Sources */,
				35AA766826D2E27E00CC9896 /* Client.swift in Sources */,
				35AA766426D2D4B200CC9896 /* Constants.swift in Sources */,
			);
			runOnlyForDeploymentPostprocessing = 0;
		};
		35AA766A26D2E45A00CC9896 /* Sources */ = {
			isa = PBXSourcesBuildPhase;
			buildActionMask = 2147483647;
			files = (
				35AA767126D2E45A00CC9896 /* ClientServerTests.swift in Sources */,
			);
			runOnlyForDeploymentPostprocessing = 0;
		};
		35CF8D5926B8300F00E83536 /* Sources */ = {
			isa = PBXSourcesBuildPhase;
			buildActionMask = 2147483647;
			files = (
				35CF8D7626B836A900E83536 /* VirtualMachine.swift in Sources */,
				35CF8D7C26B8431300E83536 /* VirtualMachineConfigurationView.swift in Sources */,
				357457C426C044E700BFA2D7 /* KeyedCodingExtensions.swift in Sources */,
				359B9B0626B8AAC100AA3989 /* MicroverseDocument.swift in Sources */,
				35CF8D6126B8300F00E83536 /* MicroverseApp.swift in Sources */,
				35CF8D8E26B89E9B00E83536 /* NSWindowExtensions.swift in Sources */,
				35FE87D826BEBD62009B9B51 /* MacOSDocumentView.swift in Sources */,
				35FE87DE26BEC05C009B9B51 /* ConfigurableVirtualMachine.swift in Sources */,
				35FE87E226BEE980009B9B51 /* MacAuxiliaryStorageView.swift in Sources */,
				35CF8D7A26B8421B00E83536 /* VirtualMachineView.swift in Sources */,
				35FE87E026BECD2E009B9B51 /* MacOSInstallView.swift in Sources */,
				35CF8D8026B8704200E83536 /* DiskCreationView.swift in Sources */,
				35CF8D8726B8837500E83536 /* AttachedDisksView.swift in Sources */,
				35C1E9EE26BF11E1005F47D0 /* AttachedDiskImage.swift in Sources */,
				3526599026BFF2E2001D5029 /* MicroverseErrors.swift in Sources */,
				35CF8D7E26B855E200E83536 /* VirtualMachineConfiguration.swift in Sources */,
				3526598E26BFEFBF001D5029 /* VirtualMachineController.swift in Sources */,
				35FE87DC26BEC049009B9B51 /* MacOSVirtualMachine.swift in Sources */,
				352AF07A26BB026900AFD751 /* MacRestoreImageView.swift in Sources */,
				3537950B26C5115A00711BCE /* VirtualMachineToolbar.swift in Sources */,
				352AF07626BAFDD700AFD751 /* PathField.swift in Sources */,
				35CF8D6526B8300F00E83536 /* DocumentView.swift in Sources */,
			);
			runOnlyForDeploymentPostprocessing = 0;
		};
/* End PBXSourcesBuildPhase section */

/* Begin PBXTargetDependency section */
		3537950226C50CC200711BCE /* PBXTargetDependency */ = {
			isa = PBXTargetDependency;
			target = 357B42C726C2FA3C007E0036 /* MicroverseGuestOSService */;
			targetProxy = 3537950126C50CC200711BCE /* PBXContainerItemProxy */;
		};
		35AA767426D2E45A00CC9896 /* PBXTargetDependency */ = {
			isa = PBXTargetDependency;
			target = 35AA765126D2D32600CC9896 /* MicroverseNetworking */;
			targetProxy = 35AA767326D2E45A00CC9896 /* PBXContainerItemProxy */;
		};
/* End PBXTargetDependency section */

/* Begin XCBuildConfiguration section */
		357B42CD26C2FA3D007E0036 /* Debug */ = {
			isa = XCBuildConfiguration;
			buildSettings = {
				CODE_SIGN_STYLE = Automatic;
				PRODUCT_BUNDLE_IDENTIFIER = com.metacognitive.Microverse.GuestOSService;
				PRODUCT_NAME = "$(TARGET_NAME)";
			};
			name = Debug;
		};
		357B42CE26C2FA3D007E0036 /* Release */ = {
			isa = XCBuildConfiguration;
			buildSettings = {
				CODE_SIGN_STYLE = Automatic;
				PRODUCT_BUNDLE_IDENTIFIER = com.metacognitive.Microverse.GuestOSService;
				PRODUCT_NAME = "$(TARGET_NAME)";
			};
			name = Release;
		};
		35AA765826D2D32600CC9896 /* Debug */ = {
			isa = XCBuildConfiguration;
			buildSettings = {
				CODE_SIGN_STYLE = Automatic;
				EXECUTABLE_PREFIX = lib;
				PRODUCT_NAME = "$(TARGET_NAME)";
				SKIP_INSTALL = YES;
				SWIFT_OBJC_BRIDGING_HEADER = "MicroverseNetworking/Bridging-Header.h";
			};
			name = Debug;
		};
		35AA765926D2D32600CC9896 /* Release */ = {
			isa = XCBuildConfiguration;
			buildSettings = {
				CODE_SIGN_STYLE = Automatic;
				EXECUTABLE_PREFIX = lib;
				PRODUCT_NAME = "$(TARGET_NAME)";
				SKIP_INSTALL = YES;
				SWIFT_OBJC_BRIDGING_HEADER = "MicroverseNetworking/Bridging-Header.h";
			};
			name = Release;
		};
		35AA767626D2E45A00CC9896 /* Debug */ = {
			isa = XCBuildConfiguration;
			buildSettings = {
				CODE_SIGN_STYLE = Automatic;
				COMBINE_HIDPI_IMAGES = YES;
				CURRENT_PROJECT_VERSION = 1;
				GENERATE_INFOPLIST_FILE = YES;
				LD_RUNPATH_SEARCH_PATHS = (
					"$(inherited)",
					"@executable_path/../Frameworks",
					"@loader_path/../Frameworks",
				);
				MARKETING_VERSION = 1.0;
				PRODUCT_BUNDLE_IDENTIFIER = com.metacognitive.MicroverseNetworkingTests;
				PRODUCT_NAME = "$(TARGET_NAME)";
				SWIFT_EMIT_LOC_STRINGS = NO;
				SWIFT_VERSION = 5.0;
			};
			name = Debug;
		};
		35AA767726D2E45A00CC9896 /* Release */ = {
			isa = XCBuildConfiguration;
			buildSettings = {
				CODE_SIGN_STYLE = Automatic;
				COMBINE_HIDPI_IMAGES = YES;
				CURRENT_PROJECT_VERSION = 1;
				GENERATE_INFOPLIST_FILE = YES;
				LD_RUNPATH_SEARCH_PATHS = (
					"$(inherited)",
					"@executable_path/../Frameworks",
					"@loader_path/../Frameworks",
				);
				MARKETING_VERSION = 1.0;
				PRODUCT_BUNDLE_IDENTIFIER = com.metacognitive.MicroverseNetworkingTests;
				PRODUCT_NAME = "$(TARGET_NAME)";
				SWIFT_EMIT_LOC_STRINGS = NO;
				SWIFT_VERSION = 5.0;
			};
			name = Release;
		};
		35CF8D6C26B8301000E83536 /* Debug */ = {
			isa = XCBuildConfiguration;
			buildSettings = {
				ALWAYS_SEARCH_USER_PATHS = NO;
				ARCHS = arm64;
				CLANG_ANALYZER_NONNULL = YES;
				CLANG_ANALYZER_NUMBER_OBJECT_CONVERSION = YES_AGGRESSIVE;
				CLANG_CXX_LANGUAGE_STANDARD = "gnu++17";
				CLANG_CXX_LIBRARY = "libc++";
				CLANG_ENABLE_MODULES = YES;
				CLANG_ENABLE_OBJC_ARC = YES;
				CLANG_ENABLE_OBJC_WEAK = YES;
				CLANG_WARN_BLOCK_CAPTURE_AUTORELEASING = YES;
				CLANG_WARN_BOOL_CONVERSION = YES;
				CLANG_WARN_COMMA = YES;
				CLANG_WARN_CONSTANT_CONVERSION = YES;
				CLANG_WARN_DEPRECATED_OBJC_IMPLEMENTATIONS = YES;
				CLANG_WARN_DIRECT_OBJC_ISA_USAGE = YES_ERROR;
				CLANG_WARN_DOCUMENTATION_COMMENTS = YES;
				CLANG_WARN_EMPTY_BODY = YES;
				CLANG_WARN_ENUM_CONVERSION = YES;
				CLANG_WARN_INFINITE_RECURSION = YES;
				CLANG_WARN_INT_CONVERSION = YES;
				CLANG_WARN_NON_LITERAL_NULL_CONVERSION = YES;
				CLANG_WARN_OBJC_IMPLICIT_RETAIN_SELF = YES;
				CLANG_WARN_OBJC_LITERAL_CONVERSION = YES;
				CLANG_WARN_OBJC_ROOT_CLASS = YES_ERROR;
				CLANG_WARN_QUOTED_INCLUDE_IN_FRAMEWORK_HEADER = YES;
				CLANG_WARN_RANGE_LOOP_ANALYSIS = YES;
				CLANG_WARN_STRICT_PROTOTYPES = YES;
				CLANG_WARN_SUSPICIOUS_MOVE = YES;
				CLANG_WARN_UNGUARDED_AVAILABILITY = YES_AGGRESSIVE;
				CLANG_WARN_UNREACHABLE_CODE = YES;
				CLANG_WARN__DUPLICATE_METHOD_MATCH = YES;
				COPY_PHASE_STRIP = NO;
				DEBUG_INFORMATION_FORMAT = dwarf;
				ENABLE_STRICT_OBJC_MSGSEND = YES;
				ENABLE_TESTABILITY = YES;
				GCC_C_LANGUAGE_STANDARD = gnu11;
				GCC_DYNAMIC_NO_PIC = NO;
				GCC_NO_COMMON_BLOCKS = YES;
				GCC_OPTIMIZATION_LEVEL = 0;
				GCC_PREPROCESSOR_DEFINITIONS = (
					"DEBUG=1",
					"$(inherited)",
				);
				GCC_WARN_64_TO_32_BIT_CONVERSION = YES;
				GCC_WARN_ABOUT_RETURN_TYPE = YES_ERROR;
				GCC_WARN_UNDECLARED_SELECTOR = YES;
				GCC_WARN_UNINITIALIZED_AUTOS = YES_AGGRESSIVE;
				GCC_WARN_UNUSED_FUNCTION = YES;
				GCC_WARN_UNUSED_VARIABLE = YES;
				MACOSX_DEPLOYMENT_TARGET = 12.0;
				MTL_ENABLE_DEBUG_INFO = INCLUDE_SOURCE;
				MTL_FAST_MATH = YES;
				ONLY_ACTIVE_ARCH = YES;
				SDKROOT = macosx;
				SWIFT_ACTIVE_COMPILATION_CONDITIONS = DEBUG;
				SWIFT_OPTIMIZATION_LEVEL = "-Onone";
				SWIFT_VERSION = 5.0;
			};
			name = Debug;
		};
		35CF8D6D26B8301000E83536 /* Release */ = {
			isa = XCBuildConfiguration;
			buildSettings = {
				ALWAYS_SEARCH_USER_PATHS = NO;
				ARCHS = arm64;
				CLANG_ANALYZER_NONNULL = YES;
				CLANG_ANALYZER_NUMBER_OBJECT_CONVERSION = YES_AGGRESSIVE;
				CLANG_CXX_LANGUAGE_STANDARD = "gnu++17";
				CLANG_CXX_LIBRARY = "libc++";
				CLANG_ENABLE_MODULES = YES;
				CLANG_ENABLE_OBJC_ARC = YES;
				CLANG_ENABLE_OBJC_WEAK = YES;
				CLANG_WARN_BLOCK_CAPTURE_AUTORELEASING = YES;
				CLANG_WARN_BOOL_CONVERSION = YES;
				CLANG_WARN_COMMA = YES;
				CLANG_WARN_CONSTANT_CONVERSION = YES;
				CLANG_WARN_DEPRECATED_OBJC_IMPLEMENTATIONS = YES;
				CLANG_WARN_DIRECT_OBJC_ISA_USAGE = YES_ERROR;
				CLANG_WARN_DOCUMENTATION_COMMENTS = YES;
				CLANG_WARN_EMPTY_BODY = YES;
				CLANG_WARN_ENUM_CONVERSION = YES;
				CLANG_WARN_INFINITE_RECURSION = YES;
				CLANG_WARN_INT_CONVERSION = YES;
				CLANG_WARN_NON_LITERAL_NULL_CONVERSION = YES;
				CLANG_WARN_OBJC_IMPLICIT_RETAIN_SELF = YES;
				CLANG_WARN_OBJC_LITERAL_CONVERSION = YES;
				CLANG_WARN_OBJC_ROOT_CLASS = YES_ERROR;
				CLANG_WARN_QUOTED_INCLUDE_IN_FRAMEWORK_HEADER = YES;
				CLANG_WARN_RANGE_LOOP_ANALYSIS = YES;
				CLANG_WARN_STRICT_PROTOTYPES = YES;
				CLANG_WARN_SUSPICIOUS_MOVE = YES;
				CLANG_WARN_UNGUARDED_AVAILABILITY = YES_AGGRESSIVE;
				CLANG_WARN_UNREACHABLE_CODE = YES;
				CLANG_WARN__DUPLICATE_METHOD_MATCH = YES;
				COPY_PHASE_STRIP = NO;
				DEBUG_INFORMATION_FORMAT = "dwarf-with-dsym";
				ENABLE_NS_ASSERTIONS = NO;
				ENABLE_STRICT_OBJC_MSGSEND = YES;
				GCC_C_LANGUAGE_STANDARD = gnu11;
				GCC_NO_COMMON_BLOCKS = YES;
				GCC_WARN_64_TO_32_BIT_CONVERSION = YES;
				GCC_WARN_ABOUT_RETURN_TYPE = YES_ERROR;
				GCC_WARN_UNDECLARED_SELECTOR = YES;
				GCC_WARN_UNINITIALIZED_AUTOS = YES_AGGRESSIVE;
				GCC_WARN_UNUSED_FUNCTION = YES;
				GCC_WARN_UNUSED_VARIABLE = YES;
				MACOSX_DEPLOYMENT_TARGET = 12.0;
				MTL_ENABLE_DEBUG_INFO = NO;
				MTL_FAST_MATH = YES;
				SDKROOT = macosx;
				SWIFT_COMPILATION_MODE = wholemodule;
				SWIFT_OPTIMIZATION_LEVEL = "-O";
				SWIFT_VERSION = 5.0;
			};
			name = Release;
		};
		35CF8D6F26B8301000E83536 /* Debug */ = {
			isa = XCBuildConfiguration;
			buildSettings = {
				ASSETCATALOG_COMPILER_APPICON_NAME = AppIcon;
				ASSETCATALOG_COMPILER_GLOBAL_ACCENT_COLOR_NAME = AccentColor;
				CODE_SIGN_ENTITLEMENTS = Microverse/Application/Microverse.entitlements;
				CODE_SIGN_STYLE = Automatic;
				COMBINE_HIDPI_IMAGES = YES;
				CURRENT_PROJECT_VERSION = 1;
				DEVELOPMENT_ASSET_PATHS = "\"Microverse/Application/Preview Content\"";
				ENABLE_APP_SANDBOX = YES;
				ENABLE_HARDENED_RUNTIME = YES;
				ENABLE_PREVIEWS = YES;
				ENABLE_USER_SELECTED_FILES = readwrite;
				GENERATE_INFOPLIST_FILE = YES;
				INFOPLIST_FILE = Microverse/Application/Info.plist;
				INFOPLIST_KEY_NSHumanReadableCopyright = "Copyright © 2021 Justin Spahr-Summers. Released under the MIT license.";
				LD_RUNPATH_SEARCH_PATHS = (
					"$(inherited)",
					"@executable_path/../Frameworks",
				);
				MACOSX_DEPLOYMENT_TARGET = 12.0;
				MARKETING_VERSION = 0.1;
				PRODUCT_BUNDLE_IDENTIFIER = com.metacognitive.Microverse;
				PRODUCT_NAME = "$(TARGET_NAME)";
				SWIFT_EMIT_LOC_STRINGS = YES;
			};
			name = Debug;
		};
		35CF8D7026B8301000E83536 /* Release */ = {
			isa = XCBuildConfiguration;
			buildSettings = {
				ASSETCATALOG_COMPILER_APPICON_NAME = AppIcon;
				ASSETCATALOG_COMPILER_GLOBAL_ACCENT_COLOR_NAME = AccentColor;
				CODE_SIGN_ENTITLEMENTS = Microverse/Application/Microverse.entitlements;
				CODE_SIGN_STYLE = Automatic;
				COMBINE_HIDPI_IMAGES = YES;
				CURRENT_PROJECT_VERSION = 1;
				DEVELOPMENT_ASSET_PATHS = "\"Microverse/Application/Preview Content\"";
				ENABLE_APP_SANDBOX = YES;
				ENABLE_HARDENED_RUNTIME = YES;
				ENABLE_PREVIEWS = YES;
				ENABLE_USER_SELECTED_FILES = readwrite;
				GENERATE_INFOPLIST_FILE = YES;
				INFOPLIST_FILE = Microverse/Application/Info.plist;
				INFOPLIST_KEY_NSHumanReadableCopyright = "Copyright © 2021 Justin Spahr-Summers. Released under the MIT license.";
				LD_RUNPATH_SEARCH_PATHS = (
					"$(inherited)",
					"@executable_path/../Frameworks",
				);
				MACOSX_DEPLOYMENT_TARGET = 12.0;
				MARKETING_VERSION = 0.1;
				PRODUCT_BUNDLE_IDENTIFIER = com.metacognitive.Microverse;
				PRODUCT_NAME = "$(TARGET_NAME)";
				SWIFT_EMIT_LOC_STRINGS = YES;
			};
			name = Release;
		};
/* End XCBuildConfiguration section */

/* Begin XCConfigurationList section */
		357B42CC26C2FA3D007E0036 /* Build configuration list for PBXNativeTarget "MicroverseGuestOSService" */ = {
			isa = XCConfigurationList;
			buildConfigurations = (
				357B42CD26C2FA3D007E0036 /* Debug */,
				357B42CE26C2FA3D007E0036 /* Release */,
			);
			defaultConfigurationIsVisible = 0;
			defaultConfigurationName = Release;
		};
		35AA765A26D2D32600CC9896 /* Build configuration list for PBXNativeTarget "MicroverseNetworking" */ = {
			isa = XCConfigurationList;
			buildConfigurations = (
				35AA765826D2D32600CC9896 /* Debug */,
				35AA765926D2D32600CC9896 /* Release */,
			);
			defaultConfigurationIsVisible = 0;
			defaultConfigurationName = Release;
		};
		35AA767526D2E45A00CC9896 /* Build configuration list for PBXNativeTarget "MicroverseNetworkingTests" */ = {
			isa = XCConfigurationList;
			buildConfigurations = (
				35AA767626D2E45A00CC9896 /* Debug */,
				35AA767726D2E45A00CC9896 /* Release */,
			);
			defaultConfigurationIsVisible = 0;
			defaultConfigurationName = Release;
		};
		35CF8D5826B8300F00E83536 /* Build configuration list for PBXProject "Microverse" */ = {
			isa = XCConfigurationList;
			buildConfigurations = (
				35CF8D6C26B8301000E83536 /* Debug */,
				35CF8D6D26B8301000E83536 /* Release */,
			);
			defaultConfigurationIsVisible = 0;
			defaultConfigurationName = Release;
		};
		35CF8D6E26B8301000E83536 /* Build configuration list for PBXNativeTarget "Microverse" */ = {
			isa = XCConfigurationList;
			buildConfigurations = (
				35CF8D6F26B8301000E83536 /* Debug */,
				35CF8D7026B8301000E83536 /* Release */,
			);
			defaultConfigurationIsVisible = 0;
			defaultConfigurationName = Release;
		};
/* End XCConfigurationList section */
	};
	rootObject = 35CF8D5526B8300F00E83536 /* Project object */;
}
